github.com/mitchellh/mapstructure v1.5.0 h1:jeMsZIYE/09sWLaz43PL7Gy6RuMjD2eJVyuac5Z2hdY=
github.com/mitchellh/mapstructure v1.5.0/go.mod h1:bFUtVrKA4DC2yAKiSyO/QUcy7e+RRV2QTWOzhPopBRo=
github.com/racker/perigee v0.1.0 h1:8RjBm1YGJKVVjUfO02Uok+npegz8lSSEVqjimDqlFYc=
github.com/racker/perigee v0.1.0/go.mod h1:JUvG8J+Vrr1c/aQOanqN9XDS2nnVu4+vlwGjNPG2PJI=
github.com/rackspace/gophercloud v1.0.0 h1:dI8jqEOOanEOgOSYcfvBRnETdeScNtlWg3KlJ4guUVQ=
github.com/rackspace/gophercloud v1.0.0/go.mod h1:4bJ1FwuaBZ6dt1VcDX5/O662mwR8GWqS4l68H6hkoYQ=
